
Microsoft Visual Studio Solution File, Format Version 12.00
# Visual Studio 15
VisualStudioVersion = 15.0.27428.2043
MinimumVisualStudioVersion = 10.0.40219.1
Project("{8BC9CEB8-8B4A-11D0-8D11-00A0C91BC942}") = "SDLproject-CS48Sim", "SDLproject-CS48Sim.vcxproj", "{28949AF3-828E-4724-8CFB-3FD0B81F5ECD}"
EndProject
Global
	GlobalSection(SolutionConfigurationPlatforms) = preSolution
		Debug|x64 = Debug|x64
		Debug|x86 = Debug|x86
		Release|x64 = Release|x64
		Release|x86 = Release|x86
	EndGlobalSection
	GlobalSection(ProjectConfigurationPlatforms) = postSolution
		{28949AF3-828E-4724-8CFB-3FD0B81F5ECD}.Debug|x64.ActiveCfg = Debug|x64
		{28949AF3-828E-4724-8CFB-3FD0B81F5ECD}.Debug|x64.Build.0 = Debug|x64
		{28949AF3-828E-4724-8CFB-3FD0B81F5ECD}.Debug|x86.ActiveCfg = Debug|Win32
		{28949AF3-828E-4724-8CFB-3FD0B81F5ECD}.Debug|x86.Build.0 = Debug|Win32
		{28949AF3-828E-4724-8CFB-3FD0B81F5ECD}.Release|x64.ActiveCfg = Release|x64
		{28949AF3-828E-4724-8CFB-3FD0B81F5ECD}.Release|x64.Build.0 = Release|x64
		{28949AF3-828E-4724-8CFB-3FD0B81F5ECD}.Release|x86.ActiveCfg = Release|Win32
		{28949AF3-828E-4724-8CFB-3FD0B81F5ECD}.Release|x86.Build.0 = Release|Win32
	EndGlobalSection
	GlobalSection(SolutionProperties) = preSolution
		HideSolutionNode = FALSE
	EndGlobalSection
	GlobalSection(ExtensibilityGlobals) = postSolution
		SolutionGuid = {5F8A3609-54F4-4430-87DA-9F0D9EAC6191}
	EndGlobalSection
EndGlobal
